
Microsoft Visual Studio Solution File, Format Version 12.00
Project("{FAE04EC0-301F-11D3-BF4B-00C04F79EFBC}") = "DocumentsApi", "DocumentsApi\DocumentsApi.csproj", "{926F79DB-A1CE-44C5-B0C5-7598E7615AB5}"
EndProject
Global
	GlobalSection(SolutionConfigurationPlatforms) = preSolution
		Debug|Any CPU = Debug|Any CPU
		Release|Any CPU = Release|Any CPU
	EndGlobalSection
	GlobalSection(ProjectConfigurationPlatforms) = postSolution
		{926F79DB-A1CE-44C5-B0C5-7598E7615AB5}.Debug|Any CPU.ActiveCfg = Debug|Any CPU
		{926F79DB-A1CE-44C5-B0C5-7598E7615AB5}.Debug|Any CPU.Build.0 = Debug|Any CPU
		{926F79DB-A1CE-44C5-B0C5-7598E7615AB5}.Release|Any CPU.ActiveCfg = Release|Any CPU
		{926F79DB-A1CE-44C5-B0C5-7598E7615AB5}.Release|Any CPU.Build.0 = Release|Any CPU
	EndGlobalSection
EndGlobal
